
Microsoft Visual Studio Solution File, Format Version 12.00
# Visual Studio Version 16
VisualStudioVersion = 16.0.31624.102
MinimumVisualStudioVersion = 10.0.40219.1
Project("{FAE04EC0-301F-11D3-BF4B-00C04F79EFBC}") = "SMS", "SMS.csproj", "{18153EE6-09C7-4386-B987-913855DBF967}"
EndProject
Global
	GlobalSection(SolutionConfigurationPlatforms) = preSolution
		Debug|Any CPU = Debug|Any CPU
		Release|Any CPU = Release|Any CPU
	EndGlobalSection
	GlobalSection(ProjectConfigurationPlatforms) = postSolution
		{18153EE6-09C7-4386-B987-913855DBF967}.Debug|Any CPU.ActiveCfg = Debug|Any CPU
		{18153EE6-09C7-4386-B987-913855DBF967}.Debug|Any CPU.Build.0 = Debug|Any CPU
		{18153EE6-09C7-4386-B987-913855DBF967}.Release|Any CPU.ActiveCfg = Release|Any CPU
		{18153EE6-09C7-4386-B987-913855DBF967}.Release|Any CPU.Build.0 = Release|Any CPU
	EndGlobalSection
	GlobalSection(SolutionProperties) = preSolution
		HideSolutionNode = FALSE
	EndGlobalSection
	GlobalSection(ExtensibilityGlobals) = postSolution
		SolutionGuid = {F2CBB6A9-C91E-41C7-B6FD-B3E216A682EE}
	EndGlobalSection
EndGlobal
